// !$*UTF8*$!
{
	archiveVersion = 1;
	classes = {
	};
	objectVersion = 54;
	objects = {

/* Begin PBXBuildFile section */
		058557BB273AAA24004C7B11 /* Assets.xcassets in Resources */ = {isa = PBXBuildFile; fileRef = 058557BA273AAA24004C7B11 /* Assets.xcassets */; };
		058557D9273AAEEB004C7B11 /* Preview Assets.xcassets in Resources */ = {isa = PBXBuildFile; fileRef = 058557D8273AAEEB004C7B11 /* Preview Assets.xcassets */; };
		2152FB042600AC8F00CF470E /* iOSApp.swift in Sources */ = {isa = PBXBuildFile; fileRef = 2152FB032600AC8F00CF470E /* iOSApp.swift */; };
		4B9CD09B2B49C9F500F9359E /* FirebaseAnalytics in Frameworks */ = {isa = PBXBuildFile; productRef = 4B9CD09A2B49C9F500F9359E /* FirebaseAnalytics */; };
		4B9CD09D2B49C9F500F9359E /* FirebaseAnalyticsOnDeviceConversion in Frameworks */ = {isa = PBXBuildFile; productRef = 4B9CD09C2B49C9F500F9359E /* FirebaseAnalyticsOnDeviceConversion */; };
		4B9CD09F2B49C9F500F9359E /* FirebaseAnalyticsSwift in Frameworks */ = {isa = PBXBuildFile; productRef = 4B9CD09E2B49C9F500F9359E /* FirebaseAnalyticsSwift */; };
		4B9CD0A12B49C9F500F9359E /* FirebaseAnalyticsWithoutAdIdSupport in Frameworks */ = {isa = PBXBuildFile; productRef = 4B9CD0A02B49C9F500F9359E /* FirebaseAnalyticsWithoutAdIdSupport */; };
		4B9CD0A32B49C9F500F9359E /* FirebaseAppCheck in Frameworks */ = {isa = PBXBuildFile; productRef = 4B9CD0A22B49C9F500F9359E /* FirebaseAppCheck */; };
		4B9CD0A52B49C9F500F9359E /* FirebaseAppDistribution-Beta in Frameworks */ = {isa = PBXBuildFile; productRef = 4B9CD0A42B49C9F500F9359E /* FirebaseAppDistribution-Beta */; };
		4B9CD0A72B49C9F500F9359E /* FirebaseAuth in Frameworks */ = {isa = PBXBuildFile; productRef = 4B9CD0A62B49C9F500F9359E /* FirebaseAuth */; };
		4B9CD0A92B49C9F500F9359E /* FirebaseAuthCombine-Community in Frameworks */ = {isa = PBXBuildFile; productRef = 4B9CD0A82B49C9F500F9359E /* FirebaseAuthCombine-Community */; };
		4B9CD0AB2B49C9F500F9359E /* FirebaseCrashlytics in Frameworks */ = {isa = PBXBuildFile; productRef = 4B9CD0AA2B49C9F500F9359E /* FirebaseCrashlytics */; };
		4B9CD0AD2B49C9F500F9359E /* FirebaseDatabase in Frameworks */ = {isa = PBXBuildFile; productRef = 4B9CD0AC2B49C9F500F9359E /* FirebaseDatabase */; };
		4B9CD0AF2B49C9F500F9359E /* FirebaseDatabaseSwift in Frameworks */ = {isa = PBXBuildFile; productRef = 4B9CD0AE2B49C9F500F9359E /* FirebaseDatabaseSwift */; };
		4B9CD0B12B49C9F500F9359E /* FirebaseDynamicLinks in Frameworks */ = {isa = PBXBuildFile; productRef = 4B9CD0B02B49C9F500F9359E /* FirebaseDynamicLinks */; };
		4B9CD0B32B49C9F500F9359E /* FirebaseFirestore in Frameworks */ = {isa = PBXBuildFile; productRef = 4B9CD0B22B49C9F500F9359E /* FirebaseFirestore */; };
		4B9CD0B52B49C9F500F9359E /* FirebaseFirestoreCombine-Community in Frameworks */ = {isa = PBXBuildFile; productRef = 4B9CD0B42B49C9F500F9359E /* FirebaseFirestoreCombine-Community */; };
		4B9CD0B72B49C9F500F9359E /* FirebaseFirestoreSwift in Frameworks */ = {isa = PBXBuildFile; productRef = 4B9CD0B62B49C9F500F9359E /* FirebaseFirestoreSwift */; };
		4B9CD0B92B49C9F500F9359E /* FirebaseFunctions in Frameworks */ = {isa = PBXBuildFile; productRef = 4B9CD0B82B49C9F500F9359E /* FirebaseFunctions */; };
		4B9CD0BB2B49C9F500F9359E /* FirebaseFunctionsCombine-Community in Frameworks */ = {isa = PBXBuildFile; productRef = 4B9CD0BA2B49C9F500F9359E /* FirebaseFunctionsCombine-Community */; };
		4B9CD0BD2B49C9F500F9359E /* FirebaseInAppMessaging-Beta in Frameworks */ = {isa = PBXBuildFile; productRef = 4B9CD0BC2B49C9F500F9359E /* FirebaseInAppMessaging-Beta */; };
		4B9CD0BF2B49C9F500F9359E /* FirebaseInAppMessagingSwift-Beta in Frameworks */ = {isa = PBXBuildFile; productRef = 4B9CD0BE2B49C9F500F9359E /* FirebaseInAppMessagingSwift-Beta */; };
		4B9CD0C12B49C9F500F9359E /* FirebaseInstallations in Frameworks */ = {isa = PBXBuildFile; productRef = 4B9CD0C02B49C9F500F9359E /* FirebaseInstallations */; };
		4B9CD0C32B49C9F500F9359E /* FirebaseMLModelDownloader in Frameworks */ = {isa = PBXBuildFile; productRef = 4B9CD0C22B49C9F500F9359E /* FirebaseMLModelDownloader */; };
		4B9CD0C52B49C9F500F9359E /* FirebaseMessaging in Frameworks */ = {isa = PBXBuildFile; productRef = 4B9CD0C42B49C9F500F9359E /* FirebaseMessaging */; };
		4B9CD0C72B49C9F500F9359E /* FirebasePerformance in Frameworks */ = {isa = PBXBuildFile; productRef = 4B9CD0C62B49C9F500F9359E /* FirebasePerformance */; };
		4B9CD0C92B49C9F500F9359E /* FirebaseRemoteConfig in Frameworks */ = {isa = PBXBuildFile; productRef = 4B9CD0C82B49C9F500F9359E /* FirebaseRemoteConfig */; };
		4B9CD0CB2B49C9F500F9359E /* FirebaseRemoteConfigSwift in Frameworks */ = {isa = PBXBuildFile; productRef = 4B9CD0CA2B49C9F500F9359E /* FirebaseRemoteConfigSwift */; };
		4B9CD0CD2B49C9F500F9359E /* FirebaseStorage in Frameworks */ = {isa = PBXBuildFile; productRef = 4B9CD0CC2B49C9F500F9359E /* FirebaseStorage */; };
		4B9CD0CF2B49C9F500F9359E /* FirebaseStorageCombine-Community in Frameworks */ = {isa = PBXBuildFile; productRef = 4B9CD0CE2B49C9F500F9359E /* FirebaseStorageCombine-Community */; };
		4B9CD0D12B49CFD800F9359E /* GoogleService-Info.plist in Resources */ = {isa = PBXBuildFile; fileRef = 4B9CD0D02B49CFD800F9359E /* GoogleService-Info.plist */; };
		7555FF83242A565900829871 /* ContentView.swift in Sources */ = {isa = PBXBuildFile; fileRef = 7555FF82242A565900829871 /* ContentView.swift */; };
/* End PBXBuildFile section */

/* Begin PBXFileReference section */
		058557BA273AAA24004C7B11 /* Assets.xcassets */ = {isa = PBXFileReference; lastKnownFileType = folder.assetcatalog; path = Assets.xcassets; sourceTree = "<group>"; };
		058557D8273AAEEB004C7B11 /* Preview Assets.xcassets */ = {isa = PBXFileReference; lastKnownFileType = folder.assetcatalog; path = "Preview Assets.xcassets"; sourceTree = "<group>"; };
		2152FB032600AC8F00CF470E /* iOSApp.swift */ = {isa = PBXFileReference; lastKnownFileType = sourcecode.swift; path = iOSApp.swift; sourceTree = "<group>"; };
		4B9CD0D02B49CFD800F9359E /* GoogleService-Info.plist */ = {isa = PBXFileReference; fileEncoding = 4; lastKnownFileType = text.plist.xml; path = "GoogleService-Info.plist"; sourceTree = "<group>"; };
		7555FF7B242A565900829871 /* kmp-compose-gradle-skeleton.app */ = {isa = PBXFileReference; explicitFileType = wrapper.application; includeInIndex = 0; path = "kmp-compose-gradle-skeleton.app"; sourceTree = BUILT_PRODUCTS_DIR; };
		7555FF82242A565900829871 /* ContentView.swift */ = {isa = PBXFileReference; lastKnownFileType = sourcecode.swift; path = ContentView.swift; sourceTree = "<group>"; };
		7555FF8C242A565B00829871 /* Info.plist */ = {isa = PBXFileReference; lastKnownFileType = text.plist.xml; path = Info.plist; sourceTree = "<group>"; };
		AB3632DC29227652001CCB65 /* Config.xcconfig */ = {isa = PBXFileReference; fileEncoding = 4; lastKnownFileType = text.xcconfig; path = Config.xcconfig; sourceTree = "<group>"; };
/* End PBXFileReference section */

/* Begin PBXFrameworksBuildPhase section */
		D4A0B5AA029C8268772E1507 /* Frameworks */ = {
			isa = PBXFrameworksBuildPhase;
			buildActionMask = 2147483647;
			files = (
				4B9CD0B92B49C9F500F9359E /* FirebaseFunctions in Frameworks */,
				4B9CD0AF2B49C9F500F9359E /* FirebaseDatabaseSwift in Frameworks */,
				4B9CD0BF2B49C9F500F9359E /* FirebaseInAppMessagingSwift-Beta in Frameworks */,
				4B9CD0C52B49C9F500F9359E /* FirebaseMessaging in Frameworks */,
				4B9CD0A52B49C9F500F9359E /* FirebaseAppDistribution-Beta in Frameworks */,
				4B9CD0A92B49C9F500F9359E /* FirebaseAuthCombine-Community in Frameworks */,
				4B9CD0B52B49C9F500F9359E /* FirebaseFirestoreCombine-Community in Frameworks */,
				4B9CD09F2B49C9F500F9359E /* FirebaseAnalyticsSwift in Frameworks */,
				4B9CD0C32B49C9F500F9359E /* FirebaseMLModelDownloader in Frameworks */,
				4B9CD0A12B49C9F500F9359E /* FirebaseAnalyticsWithoutAdIdSupport in Frameworks */,
				4B9CD09B2B49C9F500F9359E /* FirebaseAnalytics in Frameworks */,
				4B9CD0B72B49C9F500F9359E /* FirebaseFirestoreSwift in Frameworks */,
				4B9CD09D2B49C9F500F9359E /* FirebaseAnalyticsOnDeviceConversion in Frameworks */,
				4B9CD0A32B49C9F500F9359E /* FirebaseAppCheck in Frameworks */,
				4B9CD0C72B49C9F500F9359E /* FirebasePerformance in Frameworks */,
				4B9CD0BD2B49C9F500F9359E /* FirebaseInAppMessaging-Beta in Frameworks */,
				4B9CD0BB2B49C9F500F9359E /* FirebaseFunctionsCombine-Community in Frameworks */,
				4B9CD0AB2B49C9F500F9359E /* FirebaseCrashlytics in Frameworks */,
				4B9CD0C12B49C9F500F9359E /* FirebaseInstallations in Frameworks */,
				4B9CD0C92B49C9F500F9359E /* FirebaseRemoteConfig in Frameworks */,
				4B9CD0CD2B49C9F500F9359E /* FirebaseStorage in Frameworks */,
				4B9CD0AD2B49C9F500F9359E /* FirebaseDatabase in Frameworks */,
				4B9CD0CF2B49C9F500F9359E /* FirebaseStorageCombine-Community in Frameworks */,
				4B9CD0A72B49C9F500F9359E /* FirebaseAuth in Frameworks */,
				4B9CD0B12B49C9F500F9359E /* FirebaseDynamicLinks in Frameworks */,
				4B9CD0B32B49C9F500F9359E /* FirebaseFirestore in Frameworks */,
				4B9CD0CB2B49C9F500F9359E /* FirebaseRemoteConfigSwift in Frameworks */,
			);
			runOnlyForDeploymentPostprocessing = 0;
		};
/* End PBXFrameworksBuildPhase section */

/* Begin PBXGroup section */
		058557D7273AAEEB004C7B11 /* Preview Content */ = {
			isa = PBXGroup;
			children = (
				058557D8273AAEEB004C7B11 /* Preview Assets.xcassets */,
			);
			path = "Preview Content";
			sourceTree = "<group>";
		};
		7555FF72242A565900829871 = {
			isa = PBXGroup;
			children = (
				AB1DB47929225F7C00F7AF9C /* Configuration */,
				7555FF7D242A565900829871 /* iosApp */,
				7555FF7C242A565900829871 /* Products */,
			);
			sourceTree = "<group>";
		};
		7555FF7C242A565900829871 /* Products */ = {
			isa = PBXGroup;
			children = (
				7555FF7B242A565900829871 /* kmp-compose-gradle-skeleton.app */,
			);
			name = Products;
			sourceTree = "<group>";
		};
		7555FF7D242A565900829871 /* iosApp */ = {
			isa = PBXGroup;
			children = (
				4B9CD0D02B49CFD800F9359E /* GoogleService-Info.plist */,
				058557BA273AAA24004C7B11 /* Assets.xcassets */,
				7555FF82242A565900829871 /* ContentView.swift */,
				7555FF8C242A565B00829871 /* Info.plist */,
				2152FB032600AC8F00CF470E /* iOSApp.swift */,
				058557D7273AAEEB004C7B11 /* Preview Content */,
			);
			path = iosApp;
			sourceTree = "<group>";
		};
		AB1DB47929225F7C00F7AF9C /* Configuration */ = {
			isa = PBXGroup;
			children = (
				AB3632DC29227652001CCB65 /* Config.xcconfig */,
			);
			path = Configuration;
			sourceTree = "<group>";
		};
/* End PBXGroup section */

/* Begin PBXNativeTarget section */
		7555FF7A242A565900829871 /* iosApp */ = {
			isa = PBXNativeTarget;
			buildConfigurationList = 7555FFA5242A565B00829871 /* Build configuration list for PBXNativeTarget "iosApp" */;
			buildPhases = (
				F36B1CEB2AD83DDC00CB74D5 /* Compile Kotlin Framework */,
				7555FF77242A565900829871 /* Sources */,
				7555FF79242A565900829871 /* Resources */,
				D4A0B5AA029C8268772E1507 /* Frameworks */,
			);
			buildRules = (
			);
			dependencies = (
			);
			name = iosApp;
			packageProductDependencies = (
				4B9CD09A2B49C9F500F9359E /* FirebaseAnalytics */,
				4B9CD09C2B49C9F500F9359E /* FirebaseAnalyticsOnDeviceConversion */,
				4B9CD09E2B49C9F500F9359E /* FirebaseAnalyticsSwift */,
				4B9CD0A02B49C9F500F9359E /* FirebaseAnalyticsWithoutAdIdSupport */,
				4B9CD0A22B49C9F500F9359E /* FirebaseAppCheck */,
				4B9CD0A42B49C9F500F9359E /* FirebaseAppDistribution-Beta */,
				4B9CD0A62B49C9F500F9359E /* FirebaseAuth */,
				4B9CD0A82B49C9F500F9359E /* FirebaseAuthCombine-Community */,
				4B9CD0AA2B49C9F500F9359E /* FirebaseCrashlytics */,
				4B9CD0AC2B49C9F500F9359E /* FirebaseDatabase */,
				4B9CD0AE2B49C9F500F9359E /* FirebaseDatabaseSwift */,
				4B9CD0B02B49C9F500F9359E /* FirebaseDynamicLinks */,
				4B9CD0B22B49C9F500F9359E /* FirebaseFirestore */,
				4B9CD0B42B49C9F500F9359E /* FirebaseFirestoreCombine-Community */,
				4B9CD0B62B49C9F500F9359E /* FirebaseFirestoreSwift */,
				4B9CD0B82B49C9F500F9359E /* FirebaseFunctions */,
				4B9CD0BA2B49C9F500F9359E /* FirebaseFunctionsCombine-Community */,
				4B9CD0BC2B49C9F500F9359E /* FirebaseInAppMessaging-Beta */,
				4B9CD0BE2B49C9F500F9359E /* FirebaseInAppMessagingSwift-Beta */,
				4B9CD0C02B49C9F500F9359E /* FirebaseInstallations */,
				4B9CD0C22B49C9F500F9359E /* FirebaseMLModelDownloader */,
				4B9CD0C42B49C9F500F9359E /* FirebaseMessaging */,
				4B9CD0C62B49C9F500F9359E /* FirebasePerformance */,
				4B9CD0C82B49C9F500F9359E /* FirebaseRemoteConfig */,
				4B9CD0CA2B49C9F500F9359E /* FirebaseRemoteConfigSwift */,
				4B9CD0CC2B49C9F500F9359E /* FirebaseStorage */,
				4B9CD0CE2B49C9F500F9359E /* FirebaseStorageCombine-Community */,
			);
			productName = iosApp;
			productReference = 7555FF7B242A565900829871 /* kmp-compose-gradle-skeleton.app */;
			productType = "com.apple.product-type.application";
		};
/* End PBXNativeTarget section */

/* Begin PBXProject section */
		7555FF73242A565900829871 /* Project object */ = {
			isa = PBXProject;
			attributes = {
				LastSwiftUpdateCheck = 1130;
				LastUpgradeCheck = 1130;
				ORGANIZATIONNAME = orgName;
				TargetAttributes = {
					7555FF7A242A565900829871 = {
						CreatedOnToolsVersion = 11.3.1;
					};
				};
			};
			buildConfigurationList = 7555FF76242A565900829871 /* Build configuration list for PBXProject "iosApp" */;
			compatibilityVersion = "Xcode 9.3";
			developmentRegion = en;
			hasScannedForEncodings = 0;
			knownRegions = (
				en,
				Base,
			);
			mainGroup = 7555FF72242A565900829871;
			packageReferences = (
				4B9CD0992B49C9F500F9359E /* XCRemoteSwiftPackageReference "firebase-ios-sdk" */,
			);
			productRefGroup = 7555FF7C242A565900829871 /* Products */;
			projectDirPath = "";
			projectRoot = "";
			targets = (
				7555FF7A242A565900829871 /* iosApp */,
			);
		};
/* End PBXProject section */

/* Begin PBXResourcesBuildPhase section */
		7555FF79242A565900829871 /* Resources */ = {
			isa = PBXResourcesBuildPhase;
			buildActionMask = 2147483647;
			files = (
				058557D9273AAEEB004C7B11 /* Preview Assets.xcassets in Resources */,
				058557BB273AAA24004C7B11 /* Assets.xcassets in Resources */,
				4B9CD0D12B49CFD800F9359E /* GoogleService-Info.plist in Resources */,
			);
			runOnlyForDeploymentPostprocessing = 0;
		};
/* End PBXResourcesBuildPhase section */

/* Begin PBXShellScriptBuildPhase section */
		F36B1CEB2AD83DDC00CB74D5 /* Compile Kotlin Framework */ = {
			isa = PBXShellScriptBuildPhase;
			buildActionMask = 2147483647;
			files = (
			);
			inputFileListPaths = (
			);
			inputPaths = (
			);
			name = "Compile Kotlin Framework";
			outputFileListPaths = (
			);
			outputPaths = (
			);
			runOnlyForDeploymentPostprocessing = 0;
			shellPath = /bin/sh;
			shellScript = "if [ \"YES\" = \"$OVERRIDE_KOTLIN_BUILD_IDE_SUPPORTED\" ]; then\n  echo \"Skipping Gradle build task invocation due to OVERRIDE_KOTLIN_BUILD_IDE_SUPPORTED environment variable set to \\\"YES\\\"\"\n  exit 0\nfi\ncd \"$SRCROOT/..\"\n./gradlew :composeApp:embedAndSignAppleFrameworkForXcode\n";
		};
/* End PBXShellScriptBuildPhase section */

/* Begin PBXSourcesBuildPhase section */
		7555FF77242A565900829871 /* Sources */ = {
			isa = PBXSourcesBuildPhase;
			buildActionMask = 2147483647;
			files = (
				2152FB042600AC8F00CF470E /* iOSApp.swift in Sources */,
				7555FF83242A565900829871 /* ContentView.swift in Sources */,
			);
			runOnlyForDeploymentPostprocessing = 0;
		};
/* End PBXSourcesBuildPhase section */

/* Begin XCBuildConfiguration section */
		7555FFA3242A565B00829871 /* Debug */ = {
			isa = XCBuildConfiguration;
			baseConfigurationReference = AB3632DC29227652001CCB65 /* Config.xcconfig */;
			buildSettings = {
				ALWAYS_SEARCH_USER_PATHS = NO;
				CLANG_ANALYZER_NONNULL = YES;
				CLANG_ANALYZER_NUMBER_OBJECT_CONVERSION = YES_AGGRESSIVE;
				CLANG_CXX_LANGUAGE_STANDARD = "gnu++14";
				CLANG_CXX_LIBRARY = "libc++";
				CLANG_ENABLE_MODULES = YES;
				CLANG_ENABLE_OBJC_ARC = YES;
				CLANG_ENABLE_OBJC_WEAK = YES;
				CLANG_WARN_BLOCK_CAPTURE_AUTORELEASING = YES;
				CLANG_WARN_BOOL_CONVERSION = YES;
				CLANG_WARN_COMMA = YES;
				CLANG_WARN_CONSTANT_CONVERSION = YES;
				CLANG_WARN_DEPRECATED_OBJC_IMPLEMENTATIONS = YES;
				CLANG_WARN_DIRECT_OBJC_ISA_USAGE = YES_ERROR;
				CLANG_WARN_DOCUMENTATION_COMMENTS = YES;
				CLANG_WARN_EMPTY_BODY = YES;
				CLANG_WARN_ENUM_CONVERSION = YES;
				CLANG_WARN_INFINITE_RECURSION = YES;
				CLANG_WARN_INT_CONVERSION = YES;
				CLANG_WARN_NON_LITERAL_NULL_CONVERSION = YES;
				CLANG_WARN_OBJC_IMPLICIT_RETAIN_SELF = YES;
				CLANG_WARN_OBJC_LITERAL_CONVERSION = YES;
				CLANG_WARN_OBJC_ROOT_CLASS = YES_ERROR;
				CLANG_WARN_QUOTED_INCLUDE_IN_FRAMEWORK_HEADER = YES;
				CLANG_WARN_RANGE_LOOP_ANALYSIS = YES;
				CLANG_WARN_STRICT_PROTOTYPES = YES;
				CLANG_WARN_SUSPICIOUS_MOVE = YES;
				CLANG_WARN_UNGUARDED_AVAILABILITY = YES_AGGRESSIVE;
				CLANG_WARN_UNREACHABLE_CODE = YES;
				CLANG_WARN__DUPLICATE_METHOD_MATCH = YES;
				COPY_PHASE_STRIP = NO;
				DEBUG_INFORMATION_FORMAT = "dwarf-with-dsym";
				ENABLE_STRICT_OBJC_MSGSEND = YES;
				ENABLE_TESTABILITY = YES;
				GCC_C_LANGUAGE_STANDARD = gnu11;
				GCC_DYNAMIC_NO_PIC = NO;
				GCC_NO_COMMON_BLOCKS = YES;
				GCC_OPTIMIZATION_LEVEL = 0;
				GCC_PREPROCESSOR_DEFINITIONS = (
					"DEBUG=1",
					"$(inherited)",
				);
				GCC_WARN_64_TO_32_BIT_CONVERSION = YES;
				GCC_WARN_ABOUT_RETURN_TYPE = YES_ERROR;
				GCC_WARN_UNDECLARED_SELECTOR = YES;
				GCC_WARN_UNINITIALIZED_AUTOS = YES_AGGRESSIVE;
				GCC_WARN_UNUSED_FUNCTION = YES;
				GCC_WARN_UNUSED_VARIABLE = YES;
				IPHONEOS_DEPLOYMENT_TARGET = 14.1;
				MTL_ENABLE_DEBUG_INFO = INCLUDE_SOURCE;
				MTL_FAST_MATH = YES;
				ONLY_ACTIVE_ARCH = YES;
				SDKROOT = iphoneos;
				SWIFT_ACTIVE_COMPILATION_CONDITIONS = DEBUG;
				SWIFT_OPTIMIZATION_LEVEL = "-Onone";
			};
			name = Debug;
		};
		7555FFA4242A565B00829871 /* Release */ = {
			isa = XCBuildConfiguration;
			baseConfigurationReference = AB3632DC29227652001CCB65 /* Config.xcconfig */;
			buildSettings = {
				ALWAYS_SEARCH_USER_PATHS = NO;
				CLANG_ANALYZER_NONNULL = YES;
				CLANG_ANALYZER_NUMBER_OBJECT_CONVERSION = YES_AGGRESSIVE;
				CLANG_CXX_LANGUAGE_STANDARD = "gnu++14";
				CLANG_CXX_LIBRARY = "libc++";
				CLANG_ENABLE_MODULES = YES;
				CLANG_ENABLE_OBJC_ARC = YES;
				CLANG_ENABLE_OBJC_WEAK = YES;
				CLANG_WARN_BLOCK_CAPTURE_AUTORELEASING = YES;
				CLANG_WARN_BOOL_CONVERSION = YES;
				CLANG_WARN_COMMA = YES;
				CLANG_WARN_CONSTANT_CONVERSION = YES;
				CLANG_WARN_DEPRECATED_OBJC_IMPLEMENTATIONS = YES;
				CLANG_WARN_DIRECT_OBJC_ISA_USAGE = YES_ERROR;
				CLANG_WARN_DOCUMENTATION_COMMENTS = YES;
				CLANG_WARN_EMPTY_BODY = YES;
				CLANG_WARN_ENUM_CONVERSION = YES;
				CLANG_WARN_INFINITE_RECURSION = YES;
				CLANG_WARN_INT_CONVERSION = YES;
				CLANG_WARN_NON_LITERAL_NULL_CONVERSION = YES;
				CLANG_WARN_OBJC_IMPLICIT_RETAIN_SELF = YES;
				CLANG_WARN_OBJC_LITERAL_CONVERSION = YES;
				CLANG_WARN_OBJC_ROOT_CLASS = YES_ERROR;
				CLANG_WARN_QUOTED_INCLUDE_IN_FRAMEWORK_HEADER = YES;
				CLANG_WARN_RANGE_LOOP_ANALYSIS = YES;
				CLANG_WARN_STRICT_PROTOTYPES = YES;
				CLANG_WARN_SUSPICIOUS_MOVE = YES;
				CLANG_WARN_UNGUARDED_AVAILABILITY = YES_AGGRESSIVE;
				CLANG_WARN_UNREACHABLE_CODE = YES;
				CLANG_WARN__DUPLICATE_METHOD_MATCH = YES;
				COPY_PHASE_STRIP = NO;
				DEBUG_INFORMATION_FORMAT = "dwarf-with-dsym";
				ENABLE_NS_ASSERTIONS = NO;
				ENABLE_STRICT_OBJC_MSGSEND = YES;
				GCC_C_LANGUAGE_STANDARD = gnu11;
				GCC_NO_COMMON_BLOCKS = YES;
				GCC_WARN_64_TO_32_BIT_CONVERSION = YES;
				GCC_WARN_ABOUT_RETURN_TYPE = YES_ERROR;
				GCC_WARN_UNDECLARED_SELECTOR = YES;
				GCC_WARN_UNINITIALIZED_AUTOS = YES_AGGRESSIVE;
				GCC_WARN_UNUSED_FUNCTION = YES;
				GCC_WARN_UNUSED_VARIABLE = YES;
				IPHONEOS_DEPLOYMENT_TARGET = 14.1;
				MTL_ENABLE_DEBUG_INFO = NO;
				MTL_FAST_MATH = YES;
				SDKROOT = iphoneos;
				SWIFT_COMPILATION_MODE = wholemodule;
				SWIFT_OPTIMIZATION_LEVEL = "-O";
				VALIDATE_PRODUCT = YES;
			};
			name = Release;
		};
		7555FFA6242A565B00829871 /* Debug */ = {
			isa = XCBuildConfiguration;
			buildSettings = {
				ASSETCATALOG_COMPILER_APPICON_NAME = AppIcon;
				CODE_SIGN_IDENTITY = "Apple Development";
				CODE_SIGN_STYLE = Automatic;
				DEVELOPMENT_ASSET_PATHS = "\"iosApp/Preview Content\"";
				DEVELOPMENT_TEAM = GZNR5GETS3;
				ENABLE_PREVIEWS = YES;
				FRAMEWORK_SEARCH_PATHS = (
					"$(SRCROOT)/../shared/build/xcode-frameworks/$(CONFIGURATION)/$(SDK_NAME)\n$(SRCROOT)/../composeApp/build/xcode-frameworks/$(CONFIGURATION)/$(SDK_NAME)",
				);
				INFOPLIST_FILE = iosApp/Info.plist;
				IPHONEOS_DEPLOYMENT_TARGET = 14.1;
				LD_RUNPATH_SEARCH_PATHS = (
					"$(inherited)",
					"@executable_path/Frameworks",
				);
				OTHER_LDFLAGS = (
					"$(inherited)",
					"-framework",
					composeApp,
				);
				PRODUCT_BUNDLE_IDENTIFIER = com.santimattius.kmp.notifications;
				PRODUCT_NAME = "${APP_NAME}";
				PROVISIONING_PROFILE_SPECIFIER = "";
				SUPPORTED_PLATFORMS = "iphoneos iphonesimulator";
				SUPPORTS_MACCATALYST = NO;
				SUPPORTS_MAC_DESIGNED_FOR_IPHONE_IPAD = NO;
				SWIFT_VERSION = 5.0;
				TARGETED_DEVICE_FAMILY = "1,2";
			};
			name = Debug;
		};
		7555FFA7242A565B00829871 /* Release */ = {
			isa = XCBuildConfiguration;
			buildSettings = {
				ASSETCATALOG_COMPILER_APPICON_NAME = AppIcon;
				CODE_SIGN_IDENTITY = "Apple Development";
				CODE_SIGN_STYLE = Automatic;
				DEVELOPMENT_ASSET_PATHS = "\"iosApp/Preview Content\"";
				DEVELOPMENT_TEAM = GZNR5GETS3;
				ENABLE_PREVIEWS = YES;
				FRAMEWORK_SEARCH_PATHS = (
					"$(SRCROOT)/../shared/build/xcode-frameworks/$(CONFIGURATION)/$(SDK_NAME)\n$(SRCROOT)/../composeApp/build/xcode-frameworks/$(CONFIGURATION)/$(SDK_NAME)",
				);
				INFOPLIST_FILE = iosApp/Info.plist;
				IPHONEOS_DEPLOYMENT_TARGET = 14.1;
				LD_RUNPATH_SEARCH_PATHS = (
					"$(inherited)",
					"@executable_path/Frameworks",
				);
				OTHER_LDFLAGS = (
					"$(inherited)",
					"-framework",
					composeApp,
				);
				PRODUCT_BUNDLE_IDENTIFIER = com.santimattius.kmp.notifications;
				PRODUCT_NAME = "${APP_NAME}";
				PROVISIONING_PROFILE_SPECIFIER = "";
				SUPPORTED_PLATFORMS = "iphoneos iphonesimulator";
				SUPPORTS_MACCATALYST = NO;
				SUPPORTS_MAC_DESIGNED_FOR_IPHONE_IPAD = NO;
				SWIFT_VERSION = 5.0;
				TARGETED_DEVICE_FAMILY = "1,2";
			};
			name = Release;
		};
/* End XCBuildConfiguration section */

/* Begin XCConfigurationList section */
		7555FF76242A565900829871 /* Build configuration list for PBXProject "iosApp" */ = {
			isa = XCConfigurationList;
			buildConfigurations = (
				7555FFA3242A565B00829871 /* Debug */,
				7555FFA4242A565B00829871 /* Release */,
			);
			defaultConfigurationIsVisible = 0;
			defaultConfigurationName = Release;
		};
		7555FFA5242A565B00829871 /* Build configuration list for PBXNativeTarget "iosApp" */ = {
			isa = XCConfigurationList;
			buildConfigurations = (
				7555FFA6242A565B00829871 /* Debug */,
				7555FFA7242A565B00829871 /* Release */,
			);
			defaultConfigurationIsVisible = 0;
			defaultConfigurationName = Release;
		};
/* End XCConfigurationList section */

/* Begin XCRemoteSwiftPackageReference section */
		4B9CD0992B49C9F500F9359E /* XCRemoteSwiftPackageReference "firebase-ios-sdk" */ = {
			isa = XCRemoteSwiftPackageReference;
			repositoryURL = "https://github.com/firebase/firebase-ios-sdk";
			requirement = {
				kind = upToNextMajorVersion;
				minimumVersion = 10.19.1;
			};
		};
/* End XCRemoteSwiftPackageReference section */

/* Begin XCSwiftPackageProductDependency section */
		4B9CD09A2B49C9F500F9359E /* FirebaseAnalytics */ = {
			isa = XCSwiftPackageProductDependency;
			package = 4B9CD0992B49C9F500F9359E /* XCRemoteSwiftPackageReference "firebase-ios-sdk" */;
			productName = FirebaseAnalytics;
		};
		4B9CD09C2B49C9F500F9359E /* FirebaseAnalyticsOnDeviceConversion */ = {
			isa = XCSwiftPackageProductDependency;
			package = 4B9CD0992B49C9F500F9359E /* XCRemoteSwiftPackageReference "firebase-ios-sdk" */;
			productName = FirebaseAnalyticsOnDeviceConversion;
		};
		4B9CD09E2B49C9F500F9359E /* FirebaseAnalyticsSwift */ = {
			isa = XCSwiftPackageProductDependency;
			package = 4B9CD0992B49C9F500F9359E /* XCRemoteSwiftPackageReference "firebase-ios-sdk" */;
			productName = FirebaseAnalyticsSwift;
		};
		4B9CD0A02B49C9F500F9359E /* FirebaseAnalyticsWithoutAdIdSupport */ = {
			isa = XCSwiftPackageProductDependency;
			package = 4B9CD0992B49C9F500F9359E /* XCRemoteSwiftPackageReference "firebase-ios-sdk" */;
			productName = FirebaseAnalyticsWithoutAdIdSupport;
		};
		4B9CD0A22B49C9F500F9359E /* FirebaseAppCheck */ = {
			isa = XCSwiftPackageProductDependency;
			package = 4B9CD0992B49C9F500F9359E /* XCRemoteSwiftPackageReference "firebase-ios-sdk" */;
			productName = FirebaseAppCheck;
		};
		4B9CD0A42B49C9F500F9359E /* FirebaseAppDistribution-Beta */ = {
			isa = XCSwiftPackageProductDependency;
			package = 4B9CD0992B49C9F500F9359E /* XCRemoteSwiftPackageReference "firebase-ios-sdk" */;
			productName = "FirebaseAppDistribution-Beta";
		};
		4B9CD0A62B49C9F500F9359E /* FirebaseAuth */ = {
			isa = XCSwiftPackageProductDependency;
			package = 4B9CD0992B49C9F500F9359E /* XCRemoteSwiftPackageReference "firebase-ios-sdk" */;
			productName = FirebaseAuth;
		};
		4B9CD0A82B49C9F500F9359E /* FirebaseAuthCombine-Community */ = {
			isa = XCSwiftPackageProductDependency;
			package = 4B9CD0992B49C9F500F9359E /* XCRemoteSwiftPackageReference "firebase-ios-sdk" */;
			productName = "FirebaseAuthCombine-Community";
		};
		4B9CD0AA2B49C9F500F9359E /* FirebaseCrashlytics */ = {
			isa = XCSwiftPackageProductDependency;
			package = 4B9CD0992B49C9F500F9359E /* XCRemoteSwiftPackageReference "firebase-ios-sdk" */;
			productName = FirebaseCrashlytics;
		};
		4B9CD0AC2B49C9F500F9359E /* FirebaseDatabase */ = {
			isa = XCSwiftPackageProductDependency;
			package = 4B9CD0992B49C9F500F9359E /* XCRemoteSwiftPackageReference "firebase-ios-sdk" */;
			productName = FirebaseDatabase;
		};
		4B9CD0AE2B49C9F500F9359E /* FirebaseDatabaseSwift */ = {
			isa = XCSwiftPackageProductDependency;
			package = 4B9CD0992B49C9F500F9359E /* XCRemoteSwiftPackageReference "firebase-ios-sdk" */;
			productName = FirebaseDatabaseSwift;
		};
		4B9CD0B02B49C9F500F9359E /* FirebaseDynamicLinks */ = {
			isa = XCSwiftPackageProductDependency;
			package = 4B9CD0992B49C9F500F9359E /* XCRemoteSwiftPackageReference "firebase-ios-sdk" */;
			productName = FirebaseDynamicLinks;
		};
		4B9CD0B22B49C9F500F9359E /* FirebaseFirestore */ = {
			isa = XCSwiftPackageProductDependency;
			package = 4B9CD0992B49C9F500F9359E /* XCRemoteSwiftPackageReference "firebase-ios-sdk" */;
			productName = FirebaseFirestore;
		};
		4B9CD0B42B49C9F500F9359E /* FirebaseFirestoreCombine-Community */ = {
			isa = XCSwiftPackageProductDependency;
			package = 4B9CD0992B49C9F500F9359E /* XCRemoteSwiftPackageReference "firebase-ios-sdk" */;
			productName = "FirebaseFirestoreCombine-Community";
		};
		4B9CD0B62B49C9F500F9359E /* FirebaseFirestoreSwift */ = {
			isa = XCSwiftPackageProductDependency;
			package = 4B9CD0992B49C9F500F9359E /* XCRemoteSwiftPackageReference "firebase-ios-sdk" */;
			productName = FirebaseFirestoreSwift;
		};
		4B9CD0B82B49C9F500F9359E /* FirebaseFunctions */ = {
			isa = XCSwiftPackageProductDependency;
			package = 4B9CD0992B49C9F500F9359E /* XCRemoteSwiftPackageReference "firebase-ios-sdk" */;
			productName = FirebaseFunctions;
		};
		4B9CD0BA2B49C9F500F9359E /* FirebaseFunctionsCombine-Community */ = {
			isa = XCSwiftPackageProductDependency;
			package = 4B9CD0992B49C9F500F9359E /* XCRemoteSwiftPackageReference "firebase-ios-sdk" */;
			productName = "FirebaseFunctionsCombine-Community";
		};
		4B9CD0BC2B49C9F500F9359E /* FirebaseInAppMessaging-Beta */ = {
			isa = XCSwiftPackageProductDependency;
			package = 4B9CD0992B49C9F500F9359E /* XCRemoteSwiftPackageReference "firebase-ios-sdk" */;
			productName = "FirebaseInAppMessaging-Beta";
		};
		4B9CD0BE2B49C9F500F9359E /* FirebaseInAppMessagingSwift-Beta */ = {
			isa = XCSwiftPackageProductDependency;
			package = 4B9CD0992B49C9F500F9359E /* XCRemoteSwiftPackageReference "firebase-ios-sdk" */;
			productName = "FirebaseInAppMessagingSwift-Beta";
		};
		4B9CD0C02B49C9F500F9359E /* FirebaseInstallations */ = {
			isa = XCSwiftPackageProductDependency;
			package = 4B9CD0992B49C9F500F9359E /* XCRemoteSwiftPackageReference "firebase-ios-sdk" */;
			productName = FirebaseInstallations;
		};
		4B9CD0C22B49C9F500F9359E /* FirebaseMLModelDownloader */ = {
			isa = XCSwiftPackageProductDependency;
			package = 4B9CD0992B49C9F500F9359E /* XCRemoteSwiftPackageReference "firebase-ios-sdk" */;
			productName = FirebaseMLModelDownloader;
		};
		4B9CD0C42B49C9F500F9359E /* FirebaseMessaging */ = {
			isa = XCSwiftPackageProductDependency;
			package = 4B9CD0992B49C9F500F9359E /* XCRemoteSwiftPackageReference "firebase-ios-sdk" */;
			productName = FirebaseMessaging;
		};
		4B9CD0C62B49C9F500F9359E /* FirebasePerformance */ = {
			isa = XCSwiftPackageProductDependency;
			package = 4B9CD0992B49C9F500F9359E /* XCRemoteSwiftPackageReference "firebase-ios-sdk" */;
			productName = FirebasePerformance;
		};
		4B9CD0C82B49C9F500F9359E /* FirebaseRemoteConfig */ = {
			isa = XCSwiftPackageProductDependency;
			package = 4B9CD0992B49C9F500F9359E /* XCRemoteSwiftPackageReference "firebase-ios-sdk" */;
			productName = FirebaseRemoteConfig;
		};
		4B9CD0CA2B49C9F500F9359E /* FirebaseRemoteConfigSwift */ = {
			isa = XCSwiftPackageProductDependency;
			package = 4B9CD0992B49C9F500F9359E /* XCRemoteSwiftPackageReference "firebase-ios-sdk" */;
			productName = FirebaseRemoteConfigSwift;
		};
		4B9CD0CC2B49C9F500F9359E /* FirebaseStorage */ = {
			isa = XCSwiftPackageProductDependency;
			package = 4B9CD0992B49C9F500F9359E /* XCRemoteSwiftPackageReference "firebase-ios-sdk" */;
			productName = FirebaseStorage;
		};
		4B9CD0CE2B49C9F500F9359E /* FirebaseStorageCombine-Community */ = {
			isa = XCSwiftPackageProductDependency;
			package = 4B9CD0992B49C9F500F9359E /* XCRemoteSwiftPackageReference "firebase-ios-sdk" */;
			productName = "FirebaseStorageCombine-Community";
		};
/* End XCSwiftPackageProductDependency section */
	};
	rootObject = 7555FF73242A565900829871 /* Project object */;
}
